
Microsoft Visual Studio Solution File, Format Version 12.00
# Visual Studio Version 16
VisualStudioVersion = 16.0.33423.256
MinimumVisualStudioVersion = 10.0.40219.1
Project("{FAE04EC0-301F-11D3-BF4B-00C04F79EFBC}") = "MVVMSample4", "MVVMSample4\MVVMSample4.csproj", "{FD5CF37F-ECF3-4DAF-A1D1-9275D4CFC4E2}"
EndProject
Global
	GlobalSection(SolutionConfigurationPlatforms) = preSolution
		Debug|Any CPU = Debug|Any CPU
		Release|Any CPU = Release|Any CPU
	EndGlobalSection
	GlobalSection(ProjectConfigurationPlatforms) = postSolution
		{FD5CF37F-ECF3-4DAF-A1D1-9275D4CFC4E2}.Debug|Any CPU.ActiveCfg = Debug|Any CPU
		{FD5CF37F-ECF3-4DAF-A1D1-9275D4CFC4E2}.Debug|Any CPU.Build.0 = Debug|Any CPU
		{FD5CF37F-ECF3-4DAF-A1D1-9275D4CFC4E2}.Release|Any CPU.ActiveCfg = Release|Any CPU
		{FD5CF37F-ECF3-4DAF-A1D1-9275D4CFC4E2}.Release|Any CPU.Build.0 = Release|Any CPU
	EndGlobalSection
	GlobalSection(SolutionProperties) = preSolution
		HideSolutionNode = FALSE
	EndGlobalSection
	GlobalSection(ExtensibilityGlobals) = postSolution
		SolutionGuid = {C815D868-C931-4219-A911-90061B4B8D5F}
	EndGlobalSection
EndGlobal
