
Microsoft Visual Studio Solution File, Format Version 12.00
# Visual Studio Version 16
VisualStudioVersion = 16.0.33423.256
MinimumVisualStudioVersion = 10.0.40219.1
Project("{FAE04EC0-301F-11D3-BF4B-00C04F79EFBC}") = "MVVMSample2", "MVVMSample2\MVVMSample2.csproj", "{40D2531A-36E0-47C5-95F5-CBA6F94BD705}"
EndProject
Global
	GlobalSection(SolutionConfigurationPlatforms) = preSolution
		Debug|Any CPU = Debug|Any CPU
		Release|Any CPU = Release|Any CPU
	EndGlobalSection
	GlobalSection(ProjectConfigurationPlatforms) = postSolution
		{40D2531A-36E0-47C5-95F5-CBA6F94BD705}.Debug|Any CPU.ActiveCfg = Debug|Any CPU
		{40D2531A-36E0-47C5-95F5-CBA6F94BD705}.Debug|Any CPU.Build.0 = Debug|Any CPU
		{40D2531A-36E0-47C5-95F5-CBA6F94BD705}.Release|Any CPU.ActiveCfg = Release|Any CPU
		{40D2531A-36E0-47C5-95F5-CBA6F94BD705}.Release|Any CPU.Build.0 = Release|Any CPU
	EndGlobalSection
	GlobalSection(SolutionProperties) = preSolution
		HideSolutionNode = FALSE
	EndGlobalSection
	GlobalSection(ExtensibilityGlobals) = postSolution
		SolutionGuid = {198C7367-3B97-4F4B-BED8-885D922AA704}
	EndGlobalSection
EndGlobal
