
Microsoft Visual Studio Solution File, Format Version 12.00
# Visual Studio Version 16
VisualStudioVersion = 16.0.33423.256
MinimumVisualStudioVersion = 10.0.40219.1
Project("{FAE04EC0-301F-11D3-BF4B-00C04F79EFBC}") = "MVVMSample3", "MVVMSample3\MVVMSample3.csproj", "{07C45F04-DC1B-4814-AE85-E7062666A036}"
EndProject
Global
	GlobalSection(SolutionConfigurationPlatforms) = preSolution
		Debug|Any CPU = Debug|Any CPU
		Release|Any CPU = Release|Any CPU
	EndGlobalSection
	GlobalSection(ProjectConfigurationPlatforms) = postSolution
		{07C45F04-DC1B-4814-AE85-E7062666A036}.Debug|Any CPU.ActiveCfg = Debug|Any CPU
		{07C45F04-DC1B-4814-AE85-E7062666A036}.Debug|Any CPU.Build.0 = Debug|Any CPU
		{07C45F04-DC1B-4814-AE85-E7062666A036}.Release|Any CPU.ActiveCfg = Release|Any CPU
		{07C45F04-DC1B-4814-AE85-E7062666A036}.Release|Any CPU.Build.0 = Release|Any CPU
	EndGlobalSection
	GlobalSection(SolutionProperties) = preSolution
		HideSolutionNode = FALSE
	EndGlobalSection
	GlobalSection(ExtensibilityGlobals) = postSolution
		SolutionGuid = {D85A5FB4-141C-438E-817C-EDF85CBBB214}
	EndGlobalSection
EndGlobal
